{
  "pins" : [
    {
      "identity" : "asyncpublisher",
      "kind" : "remoteSourceControl",
      "location" : "https://github.com/tomasgreen/AsyncPublisher",
      "state" : {
        "revision" : "8987ebdecfd8b4df0a046060e4525d5be46894f2",
        "version" : "0.1.1"
      }
    },
    {
      "identity" : "keychainaccess",
      "kind" : "remoteSourceControl",
      "location" : "https://github.com/kishikawakatsumi/KeychainAccess",
      "state" : {
        "revision" : "84e546727d66f1adc5439debad16270d0fdd04e7",
        "version" : "4.2.2"
      }
    },
    {
      "identity" : "sdwebimage",
      "kind" : "remoteSourceControl",
      "location" : "https://github.com/SDWebImage/SDWebImage.git",
      "state" : {
        "revision" : "9248fe561a2a153916fb9597e3af4434784c6d32",
        "version" : "5.13.4"
      }
    },
    {
      "identity" : "sdwebimageswiftui",
      "kind" : "remoteSourceControl",
      "location" : "https://github.com/SDWebImage/SDWebImageSwiftUI.git",
      "state" : {
        "revision" : "ed288667c909c89127ab1b690113a3e397af3098",
        "version" : "2.2.1"
      }
    },
    {
      "identity" : "spm-daisy",
      "kind" : "remoteSourceControl",
      "location" : "https://github.com/helsingborg-stad/spm-daisy",
      "state" : {
        "revision" : "fafd15043203368165fb53431c3c1ff455946a30",
        "version" : "1.0.5"
      }
    },
    {
      "identity" : "spm-laiban",
      "kind" : "remoteSourceControl",
      "location" : "https://github.com/helsingborg-stad/spm-laiban",
      "state" : {
        "revision" : "ec5e9fa33149b81b9ddbee37cc86e94c13d1f52d",
        "version" : "1.0.2"
      }
    },
    {
      "identity" : "spm-ms-cognitive-services",
      "kind" : "remoteSourceControl",
      "location" : "https://github.com/helsingborg-stad/spm-ms-cognitive-services",
      "state" : {
        "revision" : "a4b2d17b9539d54166080ea4362d9da5570542c8",
        "version" : "1.0.0"
      }
    },
    {
      "identity" : "swiftsoup",
      "kind" : "remoteSourceControl",
      "location" : "https://github.com/scinfu/SwiftSoup.git",
      "state" : {
        "revision" : "6778575285177365cbad3e5b8a72f2a20583cfec",
        "version" : "2.4.3"
      }
    }
  ],
  "version" : 2
}
