// !$*UTF8*$!
{
	archiveVersion = 1;
	classes = {
	};
	objectVersion = 56;
	objects = {

/* Begin PBXBuildFile section */
		0E77B52528D4B49500C3044C /* LaibanExampleApp.swift in Sources */ = {isa = PBXBuildFile; fileRef = 0E77B52428D4B49500C3044C /* LaibanExampleApp.swift */; };
		0E77B52728D4B49500C3044C /* RootView.swift in Sources */ = {isa = PBXBuildFile; fileRef = 0E77B52628D4B49500C3044C /* RootView.swift */; };
		0E77B52928D4B49800C3044C /* Assets.xcassets in Resources */ = {isa = PBXBuildFile; fileRef = 0E77B52828D4B49800C3044C /* Assets.xcassets */; };
		0E77B52C28D4B49800C3044C /* Preview Assets.xcassets in Resources */ = {isa = PBXBuildFile; fileRef = 0E77B52B28D4B49800C3044C /* Preview Assets.xcassets */; };
		0E77B53728D4B53E00C3044C /* AppSettings in Frameworks */ = {isa = PBXBuildFile; productRef = 0E77B53628D4B53E00C3044C /* AppSettings */; };
		0E77B53928D4B53E00C3044C /* Assistant in Frameworks */ = {isa = PBXBuildFile; productRef = 0E77B53828D4B53E00C3044C /* Assistant */; };
		0E77B53B28D4B53E00C3044C /* AudioSwitchboard in Frameworks */ = {isa = PBXBuildFile; productRef = 0E77B53A28D4B53E00C3044C /* AudioSwitchboard */; };
		0E77B53D28D4B53E00C3044C /* Dragoman in Frameworks */ = {isa = PBXBuildFile; productRef = 0E77B53C28D4B53E00C3044C /* Dragoman */; };
		0E77B53F28D4B53E00C3044C /* Meals in Frameworks */ = {isa = PBXBuildFile; productRef = 0E77B53E28D4B53E00C3044C /* Meals */; };
		0E77B54128D4B53E00C3044C /* PublicCalendar in Frameworks */ = {isa = PBXBuildFile; productRef = 0E77B54028D4B53E00C3044C /* PublicCalendar */; };
		0E77B54328D4B53E00C3044C /* STT in Frameworks */ = {isa = PBXBuildFile; productRef = 0E77B54228D4B53E00C3044C /* STT */; };
		0E77B54528D4B53E00C3044C /* TTS in Frameworks */ = {isa = PBXBuildFile; productRef = 0E77B54428D4B53E00C3044C /* TTS */; };
		0E77B54728D4B53E00C3044C /* TextTranslator in Frameworks */ = {isa = PBXBuildFile; productRef = 0E77B54628D4B53E00C3044C /* TextTranslator */; };
		0E77B54928D4B53E00C3044C /* Weather in Frameworks */ = {isa = PBXBuildFile; productRef = 0E77B54828D4B53E00C3044C /* Weather */; };
		0E77B54B28D4B55D00C3044C /* AppState.swift in Sources */ = {isa = PBXBuildFile; fileRef = 0E77B54A28D4B55D00C3044C /* AppState.swift */; };
		0E77B54E28D4F0AD00C3044C /* AppConfig.swift in Sources */ = {isa = PBXBuildFile; fileRef = 0E77B54D28D4F0AD00C3044C /* AppConfig.swift */; };
		0E77B55128D4F16700C3044C /* Shout in Frameworks */ = {isa = PBXBuildFile; productRef = 0E77B55028D4F16700C3044C /* Shout */; };
		0E77B55328D4F1D700C3044C /* MSCognitiveServices in Frameworks */ = {isa = PBXBuildFile; productRef = 0E77B55228D4F1D700C3044C /* MSCognitiveServices */; };
		0E77B55928D85D3000C3044C /* MyCustomService.swift in Sources */ = {isa = PBXBuildFile; fileRef = 0E77B55828D85D3000C3044C /* MyCustomService.swift */; };
		0E77B55B28D85D3C00C3044C /* MyCustomView.swift in Sources */ = {isa = PBXBuildFile; fileRef = 0E77B55A28D85D3C00C3044C /* MyCustomView.swift */; };
		0E77B55D28D85D4D00C3044C /* MyCustomViewIcon.swift in Sources */ = {isa = PBXBuildFile; fileRef = 0E77B55C28D85D4D00C3044C /* MyCustomViewIcon.swift */; };
		7E1968CB2B975D1600859727 /* Laiban in Frameworks */ = {isa = PBXBuildFile; productRef = 7E1968CA2B975D1600859727 /* Laiban */; };
		7E1968CD2B975D1600859727 /* SharedActivities in Frameworks */ = {isa = PBXBuildFile; productRef = 7E1968CC2B975D1600859727 /* SharedActivities */; };
		7E1968CF2B975D1600859727 /* TextAutoCorrector in Frameworks */ = {isa = PBXBuildFile; productRef = 7E1968CE2B975D1600859727 /* TextAutoCorrector */; };
		7E1968D12B975D1600859727 /* UDPipe in Frameworks */ = {isa = PBXBuildFile; productRef = 7E1968D02B975D1600859727 /* UDPipe */; };
		7E536A7A2B976D2C001F8054 /* Laiban in Frameworks */ = {isa = PBXBuildFile; productRef = 7E536A792B976D2C001F8054 /* Laiban */; };
		7E536A7C2B976D2C001F8054 /* SharedActivities in Frameworks */ = {isa = PBXBuildFile; productRef = 7E536A7B2B976D2C001F8054 /* SharedActivities */; };
		7E536A7E2B976D2C001F8054 /* TextAutoCorrector in Frameworks */ = {isa = PBXBuildFile; productRef = 7E536A7D2B976D2C001F8054 /* TextAutoCorrector */; };
		7E536A802B976D2C001F8054 /* UDPipe in Frameworks */ = {isa = PBXBuildFile; productRef = 7E536A7F2B976D2C001F8054 /* UDPipe */; };
		DECB6113292234BC00E92078 /* AppAnalytics.swift in Sources */ = {isa = PBXBuildFile; fileRef = DECB6112292234BC00E92078 /* AppAnalytics.swift */; };
		F657A01A2940832D0015B3DF /* PronunciationAdjustments.swift in Sources */ = {isa = PBXBuildFile; fileRef = F657A0192940832D0015B3DF /* PronunciationAdjustments.swift */; };
/* End PBXBuildFile section */

/* Begin PBXFileReference section */
		0E77B52128D4B49500C3044C /* LaibanExample.app */ = {isa = PBXFileReference; explicitFileType = wrapper.application; includeInIndex = 0; path = LaibanExample.app; sourceTree = BUILT_PRODUCTS_DIR; };
		0E77B52428D4B49500C3044C /* LaibanExampleApp.swift */ = {isa = PBXFileReference; lastKnownFileType = sourcecode.swift; path = LaibanExampleApp.swift; sourceTree = "<group>"; };
		0E77B52628D4B49500C3044C /* RootView.swift */ = {isa = PBXFileReference; lastKnownFileType = sourcecode.swift; path = RootView.swift; sourceTree = "<group>"; };
		0E77B52828D4B49800C3044C /* Assets.xcassets */ = {isa = PBXFileReference; lastKnownFileType = folder.assetcatalog; path = Assets.xcassets; sourceTree = "<group>"; };
		0E77B52B28D4B49800C3044C /* Preview Assets.xcassets */ = {isa = PBXFileReference; lastKnownFileType = folder.assetcatalog; path = "Preview Assets.xcassets"; sourceTree = "<group>"; };
		0E77B54A28D4B55D00C3044C /* AppState.swift */ = {isa = PBXFileReference; lastKnownFileType = sourcecode.swift; path = AppState.swift; sourceTree = "<group>"; };
		0E77B54D28D4F0AD00C3044C /* AppConfig.swift */ = {isa = PBXFileReference; lastKnownFileType = sourcecode.swift; path = AppConfig.swift; sourceTree = "<group>"; };
		0E77B55528D855E700C3044C /* Info.plist */ = {isa = PBXFileReference; lastKnownFileType = text.plist; path = Info.plist; sourceTree = "<group>"; };
		0E77B55828D85D3000C3044C /* MyCustomService.swift */ = {isa = PBXFileReference; lastKnownFileType = sourcecode.swift; path = MyCustomService.swift; sourceTree = "<group>"; };
		0E77B55A28D85D3C00C3044C /* MyCustomView.swift */ = {isa = PBXFileReference; lastKnownFileType = sourcecode.swift; path = MyCustomView.swift; sourceTree = "<group>"; };
		0E77B55C28D85D4D00C3044C /* MyCustomViewIcon.swift */ = {isa = PBXFileReference; lastKnownFileType = sourcecode.swift; path = MyCustomViewIcon.swift; sourceTree = "<group>"; };
		7EBBA7732AFE30AC006203FB /* LaibanExample.entitlements */ = {isa = PBXFileReference; lastKnownFileType = text.plist.entitlements; path = LaibanExample.entitlements; sourceTree = "<group>"; };
		DECB6112292234BC00E92078 /* AppAnalytics.swift */ = {isa = PBXFileReference; lastKnownFileType = sourcecode.swift; path = AppAnalytics.swift; sourceTree = "<group>"; };
		F657A0192940832D0015B3DF /* PronunciationAdjustments.swift */ = {isa = PBXFileReference; fileEncoding = 4; lastKnownFileType = sourcecode.swift; path = PronunciationAdjustments.swift; sourceTree = "<group>"; };
/* End PBXFileReference section */

/* Begin PBXFrameworksBuildPhase section */
		0E77B51E28D4B49500C3044C /* Frameworks */ = {
			isa = PBXFrameworksBuildPhase;
			buildActionMask = 2147483647;
			files = (
				7E1968CD2B975D1600859727 /* SharedActivities in Frameworks */,
				7E1968CB2B975D1600859727 /* Laiban in Frameworks */,
				0E77B55128D4F16700C3044C /* Shout in Frameworks */,
				0E77B54528D4B53E00C3044C /* TTS in Frameworks */,
				0E77B53D28D4B53E00C3044C /* Dragoman in Frameworks */,
				7E536A802B976D2C001F8054 /* UDPipe in Frameworks */,
				0E77B54128D4B53E00C3044C /* PublicCalendar in Frameworks */,
				7E536A7A2B976D2C001F8054 /* Laiban in Frameworks */,
				7E1968CF2B975D1600859727 /* TextAutoCorrector in Frameworks */,
				7E536A7C2B976D2C001F8054 /* SharedActivities in Frameworks */,
				0E77B53B28D4B53E00C3044C /* AudioSwitchboard in Frameworks */,
				0E77B53F28D4B53E00C3044C /* Meals in Frameworks */,
				0E77B54928D4B53E00C3044C /* Weather in Frameworks */,
				7E536A7E2B976D2C001F8054 /* TextAutoCorrector in Frameworks */,
				0E77B55328D4F1D700C3044C /* MSCognitiveServices in Frameworks */,
				0E77B53728D4B53E00C3044C /* AppSettings in Frameworks */,
				0E77B54328D4B53E00C3044C /* STT in Frameworks */,
				7E1968D12B975D1600859727 /* UDPipe in Frameworks */,
				0E77B53928D4B53E00C3044C /* Assistant in Frameworks */,
				0E77B54728D4B53E00C3044C /* TextTranslator in Frameworks */,
			);
			runOnlyForDeploymentPostprocessing = 0;
		};
/* End PBXFrameworksBuildPhase section */

/* Begin PBXGroup section */
		0E77B51828D4B49500C3044C = {
			isa = PBXGroup;
			children = (
				0E77B52328D4B49500C3044C /* LaibanExample */,
				0E77B52228D4B49500C3044C /* Products */,
				0E77B54F28D4F16700C3044C /* Frameworks */,
			);
			sourceTree = "<group>";
		};
		0E77B52228D4B49500C3044C /* Products */ = {
			isa = PBXGroup;
			children = (
				0E77B52128D4B49500C3044C /* LaibanExample.app */,
			);
			name = Products;
			sourceTree = "<group>";
		};
		0E77B52328D4B49500C3044C /* LaibanExample */ = {
			isa = PBXGroup;
			children = (
				7EBBA7732AFE30AC006203FB /* LaibanExample.entitlements */,
				F657A0192940832D0015B3DF /* PronunciationAdjustments.swift */,
				0E77B55528D855E700C3044C /* Info.plist */,
				0E77B52428D4B49500C3044C /* LaibanExampleApp.swift */,
				DECB6112292234BC00E92078 /* AppAnalytics.swift */,
				0E77B54A28D4B55D00C3044C /* AppState.swift */,
				0E77B54D28D4F0AD00C3044C /* AppConfig.swift */,
				0E77B52628D4B49500C3044C /* RootView.swift */,
				0E77B55628D85D1400C3044C /* Modules */,
				0E77B52828D4B49800C3044C /* Assets.xcassets */,
				0E77B52A28D4B49800C3044C /* Preview Content */,
			);
			path = LaibanExample;
			sourceTree = "<group>";
		};
		0E77B52A28D4B49800C3044C /* Preview Content */ = {
			isa = PBXGroup;
			children = (
				0E77B52B28D4B49800C3044C /* Preview Assets.xcassets */,
			);
			path = "Preview Content";
			sourceTree = "<group>";
		};
		0E77B54F28D4F16700C3044C /* Frameworks */ = {
			isa = PBXGroup;
			children = (
			);
			name = Frameworks;
			sourceTree = "<group>";
		};
		0E77B55628D85D1400C3044C /* Modules */ = {
			isa = PBXGroup;
			children = (
				0E77B55728D85D1D00C3044C /* MyCustomModule */,
			);
			path = Modules;
			sourceTree = "<group>";
		};
		0E77B55728D85D1D00C3044C /* MyCustomModule */ = {
			isa = PBXGroup;
			children = (
				0E77B55828D85D3000C3044C /* MyCustomService.swift */,
				0E77B55A28D85D3C00C3044C /* MyCustomView.swift */,
				0E77B55C28D85D4D00C3044C /* MyCustomViewIcon.swift */,
			);
			path = MyCustomModule;
			sourceTree = "<group>";
		};
/* End PBXGroup section */

/* Begin PBXNativeTarget section */
		0E77B52028D4B49500C3044C /* LaibanExample */ = {
			isa = PBXNativeTarget;
			buildConfigurationList = 0E77B52F28D4B49800C3044C /* Build configuration list for PBXNativeTarget "LaibanExample" */;
			buildPhases = (
				0E77B51D28D4B49500C3044C /* Sources */,
				0E77B51E28D4B49500C3044C /* Frameworks */,
				0E77B55428D8549D00C3044C /* ShellScript */,
				0E77B51F28D4B49500C3044C /* Resources */,
			);
			buildRules = (
			);
			dependencies = (
			);
			name = LaibanExample;
			packageProductDependencies = (
				0E77B53628D4B53E00C3044C /* AppSettings */,
				0E77B53828D4B53E00C3044C /* Assistant */,
				0E77B53A28D4B53E00C3044C /* AudioSwitchboard */,
				0E77B53C28D4B53E00C3044C /* Dragoman */,
				0E77B53E28D4B53E00C3044C /* Meals */,
				0E77B54028D4B53E00C3044C /* PublicCalendar */,
				0E77B54228D4B53E00C3044C /* STT */,
				0E77B54428D4B53E00C3044C /* TTS */,
				0E77B54628D4B53E00C3044C /* TextTranslator */,
				0E77B54828D4B53E00C3044C /* Weather */,
				0E77B55028D4F16700C3044C /* Shout */,
				0E77B55228D4F1D700C3044C /* MSCognitiveServices */,
				7E1968CA2B975D1600859727 /* Laiban */,
				7E1968CC2B975D1600859727 /* SharedActivities */,
				7E1968CE2B975D1600859727 /* TextAutoCorrector */,
				7E1968D02B975D1600859727 /* UDPipe */,
				7E536A792B976D2C001F8054 /* Laiban */,
				7E536A7B2B976D2C001F8054 /* SharedActivities */,
				7E536A7D2B976D2C001F8054 /* TextAutoCorrector */,
				7E536A7F2B976D2C001F8054 /* UDPipe */,
			);
			productName = LaibanExample;
			productReference = 0E77B52128D4B49500C3044C /* LaibanExample.app */;
			productType = "com.apple.product-type.application";
		};
/* End PBXNativeTarget section */

/* Begin PBXProject section */
		0E77B51928D4B49500C3044C /* Project object */ = {
			isa = PBXProject;
			attributes = {
				BuildIndependentTargetsInParallel = 1;
				LastSwiftUpdateCheck = 1400;
				LastUpgradeCheck = 1500;
				TargetAttributes = {
					0E77B52028D4B49500C3044C = {
						CreatedOnToolsVersion = 14.0;
					};
				};
			};
			buildConfigurationList = 0E77B51C28D4B49500C3044C /* Build configuration list for PBXProject "LaibanExample" */;
			compatibilityVersion = "Xcode 14.0";
			developmentRegion = sv;
			hasScannedForEncodings = 0;
			knownRegions = (
				en,
				sv,
				Base,
			);
			mainGroup = 0E77B51828D4B49500C3044C;
			packageReferences = (
				0E77B53528D4B53E00C3044C /* XCRemoteSwiftPackageReference "spm-daisy" */,
				0E77B54C28D4EF8900C3044C /* XCRemoteSwiftPackageReference "spm-ms-cognitive-services" */,
				7E536A782B976D2C001F8054 /* XCRemoteSwiftPackageReference "spm-laiban" */,
			);
			productRefGroup = 0E77B52228D4B49500C3044C /* Products */;
			projectDirPath = "";
			projectRoot = "";
			targets = (
				0E77B52028D4B49500C3044C /* LaibanExample */,
			);
		};
/* End PBXProject section */

/* Begin PBXResourcesBuildPhase section */
		0E77B51F28D4B49500C3044C /* Resources */ = {
			isa = PBXResourcesBuildPhase;
			buildActionMask = 2147483647;
			files = (
				0E77B52C28D4B49800C3044C /* Preview Assets.xcassets in Resources */,
				0E77B52928D4B49800C3044C /* Assets.xcassets in Resources */,
			);
			runOnlyForDeploymentPostprocessing = 0;
		};
/* End PBXResourcesBuildPhase section */

/* Begin PBXShellScriptBuildPhase section */
		0E77B55428D8549D00C3044C /* ShellScript */ = {
			isa = PBXShellScriptBuildPhase;
			buildActionMask = 2147483647;
			files = (
			);
			inputFileListPaths = (
			);
			inputPaths = (
				"$(SRCROOT)/Configuration/${CONFIG}.plist",
			);
			outputFileListPaths = (
			);
			outputPaths = (
				"${CONFIGURATION_BUILD_DIR}/${UNLOCALIZED_RESOURCES_FOLDER_PATH}/${CONFIG}.plist",
			);
			runOnlyForDeploymentPostprocessing = 0;
			shellPath = /bin/sh;
			shellScript = "# Type a script or drag a script file from your workspace to insert its path.\nCONFIGFILE=${SRCROOT}/Configuration/${CONFIG}.plist\necho \"Searching for $CONFIGFILE\"\nif [[ -f \"$CONFIGFILE\" ]]; then\n    echo \"copying config\"\n    echo \"cp $CONFIGFILE ${CONFIGURATION_BUILD_DIR}/${UNLOCALIZED_RESOURCES_FOLDER_PATH}/\"\n    cp \"$CONFIGFILE\" \"${CONFIGURATION_BUILD_DIR}/${UNLOCALIZED_RESOURCES_FOLDER_PATH}/\"\nfi\n";
		};
/* End PBXShellScriptBuildPhase section */

/* Begin PBXSourcesBuildPhase section */
		0E77B51D28D4B49500C3044C /* Sources */ = {
			isa = PBXSourcesBuildPhase;
			buildActionMask = 2147483647;
			files = (
				F657A01A2940832D0015B3DF /* PronunciationAdjustments.swift in Sources */,
				0E77B54B28D4B55D00C3044C /* AppState.swift in Sources */,
				0E77B55D28D85D4D00C3044C /* MyCustomViewIcon.swift in Sources */,
				0E77B55B28D85D3C00C3044C /* MyCustomView.swift in Sources */,
				0E77B54E28D4F0AD00C3044C /* AppConfig.swift in Sources */,
				0E77B55928D85D3000C3044C /* MyCustomService.swift in Sources */,
				0E77B52728D4B49500C3044C /* RootView.swift in Sources */,
				DECB6113292234BC00E92078 /* AppAnalytics.swift in Sources */,
				0E77B52528D4B49500C3044C /* LaibanExampleApp.swift in Sources */,
			);
			runOnlyForDeploymentPostprocessing = 0;
		};
/* End PBXSourcesBuildPhase section */

/* Begin XCBuildConfiguration section */
		0E77B52D28D4B49800C3044C /* Debug */ = {
			isa = XCBuildConfiguration;
			buildSettings = {
				ALWAYS_SEARCH_USER_PATHS = NO;
				CLANG_ANALYZER_LOCALIZABILITY_NONLOCALIZED = YES;
				CLANG_ANALYZER_NONNULL = YES;
				CLANG_ANALYZER_NUMBER_OBJECT_CONVERSION = YES_AGGRESSIVE;
				CLANG_CXX_LANGUAGE_STANDARD = "gnu++20";
				CLANG_ENABLE_MODULES = YES;
				CLANG_ENABLE_OBJC_ARC = YES;
				CLANG_ENABLE_OBJC_WEAK = YES;
				CLANG_WARN_BLOCK_CAPTURE_AUTORELEASING = YES;
				CLANG_WARN_BOOL_CONVERSION = YES;
				CLANG_WARN_COMMA = YES;
				CLANG_WARN_CONSTANT_CONVERSION = YES;
				CLANG_WARN_DEPRECATED_OBJC_IMPLEMENTATIONS = YES;
				CLANG_WARN_DIRECT_OBJC_ISA_USAGE = YES_ERROR;
				CLANG_WARN_DOCUMENTATION_COMMENTS = YES;
				CLANG_WARN_EMPTY_BODY = YES;
				CLANG_WARN_ENUM_CONVERSION = YES;
				CLANG_WARN_INFINITE_RECURSION = YES;
				CLANG_WARN_INT_CONVERSION = YES;
				CLANG_WARN_NON_LITERAL_NULL_CONVERSION = YES;
				CLANG_WARN_OBJC_IMPLICIT_RETAIN_SELF = YES;
				CLANG_WARN_OBJC_LITERAL_CONVERSION = YES;
				CLANG_WARN_OBJC_ROOT_CLASS = YES_ERROR;
				CLANG_WARN_QUOTED_INCLUDE_IN_FRAMEWORK_HEADER = YES;
				CLANG_WARN_RANGE_LOOP_ANALYSIS = YES;
				CLANG_WARN_STRICT_PROTOTYPES = YES;
				CLANG_WARN_SUSPICIOUS_MOVE = YES;
				CLANG_WARN_UNGUARDED_AVAILABILITY = YES_AGGRESSIVE;
				CLANG_WARN_UNREACHABLE_CODE = YES;
				CLANG_WARN__DUPLICATE_METHOD_MATCH = YES;
				COPY_PHASE_STRIP = NO;
				DEBUG_INFORMATION_FORMAT = dwarf;
				ENABLE_STRICT_OBJC_MSGSEND = YES;
				ENABLE_TESTABILITY = YES;
				ENABLE_USER_SCRIPT_SANDBOXING = YES;
				GCC_C_LANGUAGE_STANDARD = gnu11;
				GCC_DYNAMIC_NO_PIC = NO;
				GCC_NO_COMMON_BLOCKS = YES;
				GCC_OPTIMIZATION_LEVEL = 0;
				GCC_PREPROCESSOR_DEFINITIONS = (
					"DEBUG=1",
					"$(inherited)",
				);
				GCC_WARN_64_TO_32_BIT_CONVERSION = YES;
				GCC_WARN_ABOUT_RETURN_TYPE = YES_ERROR;
				GCC_WARN_UNDECLARED_SELECTOR = YES;
				GCC_WARN_UNINITIALIZED_AUTOS = YES_AGGRESSIVE;
				GCC_WARN_UNUSED_FUNCTION = YES;
				GCC_WARN_UNUSED_VARIABLE = YES;
				IPHONEOS_DEPLOYMENT_TARGET = 17.2;
				MTL_ENABLE_DEBUG_INFO = INCLUDE_SOURCE;
				MTL_FAST_MATH = YES;
				ONLY_ACTIVE_ARCH = YES;
				SDKROOT = iphoneos;
				SWIFT_ACTIVE_COMPILATION_CONDITIONS = DEBUG;
				SWIFT_OPTIMIZATION_LEVEL = "-Onone";
			};
			name = Debug;
		};
		0E77B52E28D4B49800C3044C /* Release */ = {
			isa = XCBuildConfiguration;
			buildSettings = {
				ALWAYS_SEARCH_USER_PATHS = NO;
				CLANG_ANALYZER_LOCALIZABILITY_NONLOCALIZED = YES;
				CLANG_ANALYZER_NONNULL = YES;
				CLANG_ANALYZER_NUMBER_OBJECT_CONVERSION = YES_AGGRESSIVE;
				CLANG_CXX_LANGUAGE_STANDARD = "gnu++20";
				CLANG_ENABLE_MODULES = YES;
				CLANG_ENABLE_OBJC_ARC = YES;
				CLANG_ENABLE_OBJC_WEAK = YES;
				CLANG_WARN_BLOCK_CAPTURE_AUTORELEASING = YES;
				CLANG_WARN_BOOL_CONVERSION = YES;
				CLANG_WARN_COMMA = YES;
				CLANG_WARN_CONSTANT_CONVERSION = YES;
				CLANG_WARN_DEPRECATED_OBJC_IMPLEMENTATIONS = YES;
				CLANG_WARN_DIRECT_OBJC_ISA_USAGE = YES_ERROR;
				CLANG_WARN_DOCUMENTATION_COMMENTS = YES;
				CLANG_WARN_EMPTY_BODY = YES;
				CLANG_WARN_ENUM_CONVERSION = YES;
				CLANG_WARN_INFINITE_RECURSION = YES;
				CLANG_WARN_INT_CONVERSION = YES;
				CLANG_WARN_NON_LITERAL_NULL_CONVERSION = YES;
				CLANG_WARN_OBJC_IMPLICIT_RETAIN_SELF = YES;
				CLANG_WARN_OBJC_LITERAL_CONVERSION = YES;
				CLANG_WARN_OBJC_ROOT_CLASS = YES_ERROR;
				CLANG_WARN_QUOTED_INCLUDE_IN_FRAMEWORK_HEADER = YES;
				CLANG_WARN_RANGE_LOOP_ANALYSIS = YES;
				CLANG_WARN_STRICT_PROTOTYPES = YES;
				CLANG_WARN_SUSPICIOUS_MOVE = YES;
				CLANG_WARN_UNGUARDED_AVAILABILITY = YES_AGGRESSIVE;
				CLANG_WARN_UNREACHABLE_CODE = YES;
				CLANG_WARN__DUPLICATE_METHOD_MATCH = YES;
				COPY_PHASE_STRIP = NO;
				DEBUG_INFORMATION_FORMAT = "dwarf-with-dsym";
				ENABLE_NS_ASSERTIONS = NO;
				ENABLE_STRICT_OBJC_MSGSEND = YES;
				ENABLE_USER_SCRIPT_SANDBOXING = YES;
				GCC_C_LANGUAGE_STANDARD = gnu11;
				GCC_NO_COMMON_BLOCKS = YES;
				GCC_WARN_64_TO_32_BIT_CONVERSION = YES;
				GCC_WARN_ABOUT_RETURN_TYPE = YES_ERROR;
				GCC_WARN_UNDECLARED_SELECTOR = YES;
				GCC_WARN_UNINITIALIZED_AUTOS = YES_AGGRESSIVE;
				GCC_WARN_UNUSED_FUNCTION = YES;
				GCC_WARN_UNUSED_VARIABLE = YES;
				IPHONEOS_DEPLOYMENT_TARGET = 17.2;
				MTL_ENABLE_DEBUG_INFO = NO;
				MTL_FAST_MATH = YES;
				SDKROOT = iphoneos;
				SWIFT_COMPILATION_MODE = wholemodule;
				SWIFT_OPTIMIZATION_LEVEL = "-O";
				VALIDATE_PRODUCT = YES;
			};
			name = Release;
		};
		0E77B53028D4B49800C3044C /* Debug */ = {
			isa = XCBuildConfiguration;
			buildSettings = {
				ASSETCATALOG_COMPILER_APPICON_NAME = AppIcon;
				ASSETCATALOG_COMPILER_GLOBAL_ACCENT_COLOR_NAME = AccentColor;
				CODE_SIGN_ENTITLEMENTS = LaibanExample/LaibanExample.entitlements;
				CODE_SIGN_IDENTITY = "Apple Development";
				CODE_SIGN_STYLE = Automatic;
				CONFIG = Config;
				CURRENT_PROJECT_VERSION = 1;
				DEVELOPMENT_ASSET_PATHS = "\"LaibanExample/Preview Content\"";
				DEVELOPMENT_TEAM = MHBEW6TVG2;
				ENABLE_PREVIEWS = YES;
				GENERATE_INFOPLIST_FILE = YES;
				INFOPLIST_FILE = LaibanExample/Info.plist;
				INFOPLIST_KEY_CFBundleDisplayName = "L[AI]ban exempelapp";
				INFOPLIST_KEY_NSLocalNetworkUsageDescription = "Internet access";
				INFOPLIST_KEY_NSLocationUsageDescription = "Hämtar korrdinater";
				INFOPLIST_KEY_NSLocationWhenInUseUsageDescription = "Hämtar korrdinater";
				INFOPLIST_KEY_NSMicrophoneUsageDescription = "Används för röstkommandon";
				INFOPLIST_KEY_NSPhotoLibraryAddUsageDescription = "Används för att spara dina genererade bilder";
				INFOPLIST_KEY_NSSpeechRecognitionUsageDescription = "Används för röstkommandon";
				INFOPLIST_KEY_UIApplicationSceneManifest_Generation = YES;
				INFOPLIST_KEY_UIApplicationSupportsIndirectInputEvents = YES;
				INFOPLIST_KEY_UILaunchScreen_Generation = YES;
				INFOPLIST_KEY_UIRequiresFullScreen = YES;
				INFOPLIST_KEY_UIStatusBarHidden = YES;
				INFOPLIST_KEY_UISupportedInterfaceOrientations = "UIInterfaceOrientationPortrait UIInterfaceOrientationPortraitUpsideDown";
				INFOPLIST_KEY_UIUserInterfaceStyle = Light;
				IPHONEOS_DEPLOYMENT_TARGET = 15.0;
				LD_RUNPATH_SEARCH_PATHS = (
					"$(inherited)",
					"@executable_path/Frameworks",
				);
				MARKETING_VERSION = 2.0;
				PRODUCT_BUNDLE_IDENTIFIER = se.helsingborg.laiban.LaibanExample;
				PRODUCT_NAME = "$(TARGET_NAME)";
				PROVISIONING_PROFILE_SPECIFIER = "";
				SWIFT_EMIT_LOC_STRINGS = YES;
				SWIFT_VERSION = 5.0;
				TARGETED_DEVICE_FAMILY = "1,2";
			};
			name = Debug;
		};
		0E77B53128D4B49800C3044C /* Release */ = {
			isa = XCBuildConfiguration;
			buildSettings = {
				ASSETCATALOG_COMPILER_APPICON_NAME = AppIcon;
				ASSETCATALOG_COMPILER_GLOBAL_ACCENT_COLOR_NAME = AccentColor;
				CODE_SIGN_ENTITLEMENTS = LaibanExample/LaibanExample.entitlements;
				CODE_SIGN_IDENTITY = "Apple Development";
				CODE_SIGN_STYLE = Automatic;
				CONFIG = Config;
				CURRENT_PROJECT_VERSION = 1;
				DEVELOPMENT_ASSET_PATHS = "\"LaibanExample/Preview Content\"";
				DEVELOPMENT_TEAM = MHBEW6TVG2;
				ENABLE_PREVIEWS = YES;
				GENERATE_INFOPLIST_FILE = YES;
				INFOPLIST_FILE = LaibanExample/Info.plist;
				INFOPLIST_KEY_CFBundleDisplayName = "L[AI]ban exempelapp";
				INFOPLIST_KEY_NSLocalNetworkUsageDescription = "Internet access";
				INFOPLIST_KEY_NSLocationUsageDescription = "Hämtar korrdinater";
				INFOPLIST_KEY_NSLocationWhenInUseUsageDescription = "Hämtar korrdinater";
				INFOPLIST_KEY_NSMicrophoneUsageDescription = "Används för röstkommandon";
				INFOPLIST_KEY_NSPhotoLibraryAddUsageDescription = "Används för att spara dina genererade bilder";
				INFOPLIST_KEY_NSSpeechRecognitionUsageDescription = "Används för röstkommandon";
				INFOPLIST_KEY_UIApplicationSceneManifest_Generation = YES;
				INFOPLIST_KEY_UIApplicationSupportsIndirectInputEvents = YES;
				INFOPLIST_KEY_UILaunchScreen_Generation = YES;
				INFOPLIST_KEY_UIRequiresFullScreen = YES;
				INFOPLIST_KEY_UIStatusBarHidden = YES;
				INFOPLIST_KEY_UISupportedInterfaceOrientations = "UIInterfaceOrientationPortrait UIInterfaceOrientationPortraitUpsideDown";
				INFOPLIST_KEY_UIUserInterfaceStyle = Light;
				IPHONEOS_DEPLOYMENT_TARGET = 15.0;
				LD_RUNPATH_SEARCH_PATHS = (
					"$(inherited)",
					"@executable_path/Frameworks",
				);
				MARKETING_VERSION = 2.0;
				PRODUCT_BUNDLE_IDENTIFIER = se.helsingborg.laiban.LaibanExample;
				PRODUCT_NAME = "$(TARGET_NAME)";
				PROVISIONING_PROFILE_SPECIFIER = "";
				SWIFT_EMIT_LOC_STRINGS = YES;
				SWIFT_VERSION = 5.0;
				TARGETED_DEVICE_FAMILY = "1,2";
			};
			name = Release;
		};
/* End XCBuildConfiguration section */

/* Begin XCConfigurationList section */
		0E77B51C28D4B49500C3044C /* Build configuration list for PBXProject "LaibanExample" */ = {
			isa = XCConfigurationList;
			buildConfigurations = (
				0E77B52D28D4B49800C3044C /* Debug */,
				0E77B52E28D4B49800C3044C /* Release */,
			);
			defaultConfigurationIsVisible = 0;
			defaultConfigurationName = Release;
		};
		0E77B52F28D4B49800C3044C /* Build configuration list for PBXNativeTarget "LaibanExample" */ = {
			isa = XCConfigurationList;
			buildConfigurations = (
				0E77B53028D4B49800C3044C /* Debug */,
				0E77B53128D4B49800C3044C /* Release */,
			);
			defaultConfigurationIsVisible = 0;
			defaultConfigurationName = Release;
		};
/* End XCConfigurationList section */

/* Begin XCRemoteSwiftPackageReference section */
		0E77B53528D4B53E00C3044C /* XCRemoteSwiftPackageReference "spm-daisy" */ = {
			isa = XCRemoteSwiftPackageReference;
			repositoryURL = "https://github.com/helsingborg-stad/spm-daisy";
			requirement = {
				kind = upToNextMajorVersion;
				minimumVersion = 1.0.0;
			};
		};
		0E77B54C28D4EF8900C3044C /* XCRemoteSwiftPackageReference "spm-ms-cognitive-services" */ = {
			isa = XCRemoteSwiftPackageReference;
			repositoryURL = "https://github.com/helsingborg-stad/spm-ms-cognitive-services";
			requirement = {
				kind = upToNextMajorVersion;
				minimumVersion = 1.0.0;
			};
		};
		7E536A782B976D2C001F8054 /* XCRemoteSwiftPackageReference "spm-laiban" */ = {
			isa = XCRemoteSwiftPackageReference;
			repositoryURL = "https://github.com/helsingborg-stad/spm-laiban/";
			requirement = {
				kind = upToNextMajorVersion;
				minimumVersion = 2.0.0;
			};
		};
/* End XCRemoteSwiftPackageReference section */

/* Begin XCSwiftPackageProductDependency section */
		0E77B53628D4B53E00C3044C /* AppSettings */ = {
			isa = XCSwiftPackageProductDependency;
			package = 0E77B53528D4B53E00C3044C /* XCRemoteSwiftPackageReference "spm-daisy" */;
			productName = AppSettings;
		};
		0E77B53828D4B53E00C3044C /* Assistant */ = {
			isa = XCSwiftPackageProductDependency;
			package = 0E77B53528D4B53E00C3044C /* XCRemoteSwiftPackageReference "spm-daisy" */;
			productName = Assistant;
		};
		0E77B53A28D4B53E00C3044C /* AudioSwitchboard */ = {
			isa = XCSwiftPackageProductDependency;
			package = 0E77B53528D4B53E00C3044C /* XCRemoteSwiftPackageReference "spm-daisy" */;
			productName = AudioSwitchboard;
		};
		0E77B53C28D4B53E00C3044C /* Dragoman */ = {
			isa = XCSwiftPackageProductDependency;
			package = 0E77B53528D4B53E00C3044C /* XCRemoteSwiftPackageReference "spm-daisy" */;
			productName = Dragoman;
		};
		0E77B53E28D4B53E00C3044C /* Meals */ = {
			isa = XCSwiftPackageProductDependency;
			package = 0E77B53528D4B53E00C3044C /* XCRemoteSwiftPackageReference "spm-daisy" */;
			productName = Meals;
		};
		0E77B54028D4B53E00C3044C /* PublicCalendar */ = {
			isa = XCSwiftPackageProductDependency;
			package = 0E77B53528D4B53E00C3044C /* XCRemoteSwiftPackageReference "spm-daisy" */;
			productName = PublicCalendar;
		};
		0E77B54228D4B53E00C3044C /* STT */ = {
			isa = XCSwiftPackageProductDependency;
			package = 0E77B53528D4B53E00C3044C /* XCRemoteSwiftPackageReference "spm-daisy" */;
			productName = STT;
		};
		0E77B54428D4B53E00C3044C /* TTS */ = {
			isa = XCSwiftPackageProductDependency;
			package = 0E77B53528D4B53E00C3044C /* XCRemoteSwiftPackageReference "spm-daisy" */;
			productName = TTS;
		};
		0E77B54628D4B53E00C3044C /* TextTranslator */ = {
			isa = XCSwiftPackageProductDependency;
			package = 0E77B53528D4B53E00C3044C /* XCRemoteSwiftPackageReference "spm-daisy" */;
			productName = TextTranslator;
		};
		0E77B54828D4B53E00C3044C /* Weather */ = {
			isa = XCSwiftPackageProductDependency;
			package = 0E77B53528D4B53E00C3044C /* XCRemoteSwiftPackageReference "spm-daisy" */;
			productName = Weather;
		};
		0E77B55028D4F16700C3044C /* Shout */ = {
			isa = XCSwiftPackageProductDependency;
			package = 0E77B53528D4B53E00C3044C /* XCRemoteSwiftPackageReference "spm-daisy" */;
			productName = Shout;
		};
		0E77B55228D4F1D700C3044C /* MSCognitiveServices */ = {
			isa = XCSwiftPackageProductDependency;
			package = 0E77B54C28D4EF8900C3044C /* XCRemoteSwiftPackageReference "spm-ms-cognitive-services" */;
			productName = MSCognitiveServices;
		};
		7E1968CA2B975D1600859727 /* Laiban */ = {
			isa = XCSwiftPackageProductDependency;
			productName = Laiban;
		};
		7E1968CC2B975D1600859727 /* SharedActivities */ = {
			isa = XCSwiftPackageProductDependency;
			productName = SharedActivities;
		};
		7E1968CE2B975D1600859727 /* TextAutoCorrector */ = {
			isa = XCSwiftPackageProductDependency;
			productName = TextAutoCorrector;
		};
		7E1968D02B975D1600859727 /* UDPipe */ = {
			isa = XCSwiftPackageProductDependency;
			productName = UDPipe;
		};
		7E536A792B976D2C001F8054 /* Laiban */ = {
			isa = XCSwiftPackageProductDependency;
			package = 7E536A782B976D2C001F8054 /* XCRemoteSwiftPackageReference "spm-laiban" */;
			productName = Laiban;
		};
		7E536A7B2B976D2C001F8054 /* SharedActivities */ = {
			isa = XCSwiftPackageProductDependency;
			package = 7E536A782B976D2C001F8054 /* XCRemoteSwiftPackageReference "spm-laiban" */;
			productName = SharedActivities;
		};
		7E536A7D2B976D2C001F8054 /* TextAutoCorrector */ = {
			isa = XCSwiftPackageProductDependency;
			package = 7E536A782B976D2C001F8054 /* XCRemoteSwiftPackageReference "spm-laiban" */;
			productName = TextAutoCorrector;
		};
		7E536A7F2B976D2C001F8054 /* UDPipe */ = {
			isa = XCSwiftPackageProductDependency;
			package = 7E536A782B976D2C001F8054 /* XCRemoteSwiftPackageReference "spm-laiban" */;
			productName = UDPipe;
		};
/* End XCSwiftPackageProductDependency section */
	};
	rootObject = 0E77B51928D4B49500C3044C /* Project object */;
}
